// !$*UTF8*$!
{
	archiveVersion = 1;
	classes = {
	};
	objectVersion = 46;
	objects = {

/* Begin PBXBuildFile section */
		2C0B6AE51DC1F59100FC0DA2 /* BDUser.m in Sources */ = {isa = PBXBuildFile; fileRef = 2C0B6AE41DC1F59100FC0DA2 /* BDUser.m */; };
		2C0B6AE81DC2634800FC0DA2 /* MoodPercentages.m in Sources */ = {isa = PBXBuildFile; fileRef = 2C0B6AE71DC2634800FC0DA2 /* MoodPercentages.m */; };
		953A62BE1DC27E9A009D7CD4 /* BDCameraViewController.m in Sources */ = {isa = PBXBuildFile; fileRef = 953A62B91DC27E9A009D7CD4 /* BDCameraViewController.m */; };
		953A62BF1DC27E9A009D7CD4 /* BDPhotoAnalyzingManager.m in Sources */ = {isa = PBXBuildFile; fileRef = 953A62BB1DC27E9A009D7CD4 /* BDPhotoAnalyzingManager.m */; };
		953A62C01DC27E9A009D7CD4 /* BDYourMoodViewController.m in Sources */ = {isa = PBXBuildFile; fileRef = 953A62BD1DC27E9A009D7CD4 /* BDYourMoodViewController.m */; };
		9561C9761DC2964B00F91B1A /* BDLoginViewController.m in Sources */ = {isa = PBXBuildFile; fileRef = 9561C9751DC2964B00F91B1A /* BDLoginViewController.m */; };
		A949F89C1DC288B30073FBBC /* Main.storyboard in Resources */ = {isa = PBXBuildFile; fileRef = A949F89A1DC288B30073FBBC /* Main.storyboard */; };
		A949F89F1DC2C0FA0073FBBC /* BDLoadViewController.m in Sources */ = {isa = PBXBuildFile; fileRef = A949F89E1DC2C0FA0073FBBC /* BDLoadViewController.m */; };
		A9B00D6B1DC1DA5F00AF11D7 /* main.m in Sources */ = {isa = PBXBuildFile; fileRef = A9B00D6A1DC1DA5F00AF11D7 /* main.m */; };
		A9B00D6E1DC1DA5F00AF11D7 /* AppDelegate.m in Sources */ = {isa = PBXBuildFile; fileRef = A9B00D6D1DC1DA5F00AF11D7 /* AppDelegate.m */; };
		A9B00D711DC1DA5F00AF11D7 /* ViewController.m in Sources */ = {isa = PBXBuildFile; fileRef = A9B00D701DC1DA5F00AF11D7 /* ViewController.m */; };
		A9B00D761DC1DA5F00AF11D7 /* Assets.xcassets in Resources */ = {isa = PBXBuildFile; fileRef = A9B00D751DC1DA5F00AF11D7 /* Assets.xcassets */; };
		A9B00D791DC1DA5F00AF11D7 /* LaunchScreen.storyboard in Resources */ = {isa = PBXBuildFile; fileRef = A9B00D771DC1DA5F00AF11D7 /* LaunchScreen.storyboard */; };
		A9B00D821DC2051700AF11D7 /* BDMainViewController.m in Sources */ = {isa = PBXBuildFile; fileRef = A9B00D811DC2051700AF11D7 /* BDMainViewController.m */; };
		A9B00D851DC2075500AF11D7 /* BDCollectionViewController.m in Sources */ = {isa = PBXBuildFile; fileRef = A9B00D841DC2075500AF11D7 /* BDCollectionViewController.m */; };
		A9B00D891DC21F3C00AF11D7 /* BDCollectionViewCell.m in Sources */ = {isa = PBXBuildFile; fileRef = A9B00D871DC21F3C00AF11D7 /* BDCollectionViewCell.m */; };
		A9B00D8A1DC21F3C00AF11D7 /* BDCollectionViewCell.xib in Resources */ = {isa = PBXBuildFile; fileRef = A9B00D881DC21F3C00AF11D7 /* BDCollectionViewCell.xib */; };
/* End PBXBuildFile section */

/* Begin PBXFileReference section */
		2C0B6AE31DC1F59100FC0DA2 /* BDUser.h */ = {isa = PBXFileReference; fileEncoding = 4; lastKnownFileType = sourcecode.c.h; path = BDUser.h; sourceTree = "<group>"; };
		2C0B6AE41DC1F59100FC0DA2 /* BDUser.m */ = {isa = PBXFileReference; fileEncoding = 4; lastKnownFileType = sourcecode.c.objc; path = BDUser.m; sourceTree = "<group>"; };
		2C0B6AE61DC2634800FC0DA2 /* MoodPercentages.h */ = {isa = PBXFileReference; fileEncoding = 4; lastKnownFileType = sourcecode.c.h; path = MoodPercentages.h; sourceTree = "<group>"; };
		2C0B6AE71DC2634800FC0DA2 /* MoodPercentages.m */ = {isa = PBXFileReference; fileEncoding = 4; lastKnownFileType = sourcecode.c.objc; path = MoodPercentages.m; sourceTree = "<group>"; };
		953A62B81DC27E9A009D7CD4 /* BDCameraViewController.h */ = {isa = PBXFileReference; fileEncoding = 4; lastKnownFileType = sourcecode.c.h; path = BDCameraViewController.h; sourceTree = "<group>"; };
		953A62B91DC27E9A009D7CD4 /* BDCameraViewController.m */ = {isa = PBXFileReference; fileEncoding = 4; lastKnownFileType = sourcecode.c.objc; path = BDCameraViewController.m; sourceTree = "<group>"; };
		953A62BA1DC27E9A009D7CD4 /* BDPhotoAnalyzingManager.h */ = {isa = PBXFileReference; fileEncoding = 4; lastKnownFileType = sourcecode.c.h; path = BDPhotoAnalyzingManager.h; sourceTree = "<group>"; };
		953A62BB1DC27E9A009D7CD4 /* BDPhotoAnalyzingManager.m */ = {isa = PBXFileReference; fileEncoding = 4; lastKnownFileType = sourcecode.c.objc; path = BDPhotoAnalyzingManager.m; sourceTree = "<group>"; };
		953A62BC1DC27E9A009D7CD4 /* BDYourMoodViewController.h */ = {isa = PBXFileReference; fileEncoding = 4; lastKnownFileType = sourcecode.c.h; path = BDYourMoodViewController.h; sourceTree = "<group>"; };
		953A62BD1DC27E9A009D7CD4 /* BDYourMoodViewController.m */ = {isa = PBXFileReference; fileEncoding = 4; lastKnownFileType = sourcecode.c.objc; path = BDYourMoodViewController.m; sourceTree = "<group>"; };
		9561C9741DC2964B00F91B1A /* BDLoginViewController.h */ = {isa = PBXFileReference; fileEncoding = 4; lastKnownFileType = sourcecode.c.h; path = BDLoginViewController.h; sourceTree = "<group>"; };
		9561C9751DC2964B00F91B1A /* BDLoginViewController.m */ = {isa = PBXFileReference; fileEncoding = 4; lastKnownFileType = sourcecode.c.objc; path = BDLoginViewController.m; sourceTree = "<group>"; };
		A949F89B1DC288B30073FBBC /* Base */ = {isa = PBXFileReference; lastKnownFileType = file.storyboard; name = Base; path = Base.lproj/Main.storyboard; sourceTree = "<group>"; };
		A949F89D1DC2C0FA0073FBBC /* BDLoadViewController.h */ = {isa = PBXFileReference; fileEncoding = 4; lastKnownFileType = sourcecode.c.h; path = BDLoadViewController.h; sourceTree = "<group>"; };
		A949F89E1DC2C0FA0073FBBC /* BDLoadViewController.m */ = {isa = PBXFileReference; fileEncoding = 4; lastKnownFileType = sourcecode.c.objc; path = BDLoadViewController.m; sourceTree = "<group>"; };
		A9B00D661DC1DA5F00AF11D7 /* Badrjan_Hackaton.app */ = {isa = PBXFileReference; explicitFileType = wrapper.application; includeInIndex = 0; path = Badrjan_Hackaton.app; sourceTree = BUILT_PRODUCTS_DIR; };
		A9B00D6A1DC1DA5F00AF11D7 /* main.m */ = {isa = PBXFileReference; lastKnownFileType = sourcecode.c.objc; path = main.m; sourceTree = "<group>"; };
		A9B00D6C1DC1DA5F00AF11D7 /* AppDelegate.h */ = {isa = PBXFileReference; lastKnownFileType = sourcecode.c.h; path = AppDelegate.h; sourceTree = "<group>"; };
		A9B00D6D1DC1DA5F00AF11D7 /* AppDelegate.m */ = {isa = PBXFileReference; lastKnownFileType = sourcecode.c.objc; path = AppDelegate.m; sourceTree = "<group>"; };
		A9B00D6F1DC1DA5F00AF11D7 /* ViewController.h */ = {isa = PBXFileReference; lastKnownFileType = sourcecode.c.h; path = ViewController.h; sourceTree = "<group>"; };
		A9B00D701DC1DA5F00AF11D7 /* ViewController.m */ = {isa = PBXFileReference; lastKnownFileType = sourcecode.c.objc; path = ViewController.m; sourceTree = "<group>"; };
		A9B00D751DC1DA5F00AF11D7 /* Assets.xcassets */ = {isa = PBXFileReference; lastKnownFileType = folder.assetcatalog; path = Assets.xcassets; sourceTree = "<group>"; };
		A9B00D781DC1DA5F00AF11D7 /* Base */ = {isa = PBXFileReference; lastKnownFileType = file.storyboard; name = Base; path = Base.lproj/LaunchScreen.storyboard; sourceTree = "<group>"; };
		A9B00D7A1DC1DA5F00AF11D7 /* Info.plist */ = {isa = PBXFileReference; lastKnownFileType = text.plist.xml; path = Info.plist; sourceTree = "<group>"; };
		A9B00D801DC2051700AF11D7 /* BDMainViewController.h */ = {isa = PBXFileReference; fileEncoding = 4; lastKnownFileType = sourcecode.c.h; path = BDMainViewController.h; sourceTree = "<group>"; };
		A9B00D811DC2051700AF11D7 /* BDMainViewController.m */ = {isa = PBXFileReference; fileEncoding = 4; lastKnownFileType = sourcecode.c.objc; path = BDMainViewController.m; sourceTree = "<group>"; };
		A9B00D831DC2075500AF11D7 /* BDCollectionViewController.h */ = {isa = PBXFileReference; fileEncoding = 4; lastKnownFileType = sourcecode.c.h; path = BDCollectionViewController.h; sourceTree = "<group>"; };
		A9B00D841DC2075500AF11D7 /* BDCollectionViewController.m */ = {isa = PBXFileReference; fileEncoding = 4; lastKnownFileType = sourcecode.c.objc; path = BDCollectionViewController.m; sourceTree = "<group>"; };
		A9B00D861DC21F3C00AF11D7 /* BDCollectionViewCell.h */ = {isa = PBXFileReference; fileEncoding = 4; lastKnownFileType = sourcecode.c.h; path = BDCollectionViewCell.h; sourceTree = "<group>"; };
		A9B00D871DC21F3C00AF11D7 /* BDCollectionViewCell.m */ = {isa = PBXFileReference; fileEncoding = 4; lastKnownFileType = sourcecode.c.objc; path = BDCollectionViewCell.m; sourceTree = "<group>"; };
		A9B00D881DC21F3C00AF11D7 /* BDCollectionViewCell.xib */ = {isa = PBXFileReference; fileEncoding = 4; lastKnownFileType = file.xib; path = BDCollectionViewCell.xib; sourceTree = "<group>"; };
/* End PBXFileReference section */

/* Begin PBXFrameworksBuildPhase section */
		A9B00D631DC1DA5F00AF11D7 /* Frameworks */ = {
			isa = PBXFrameworksBuildPhase;
			buildActionMask = 2147483647;
			files = (
			);
			runOnlyForDeploymentPostprocessing = 0;
		};
/* End PBXFrameworksBuildPhase section */

/* Begin PBXGroup section */
		2C0B6AE21DC1F41500FC0DA2 /* Shared Instance */ = {
			isa = PBXGroup;
			children = (
				2C0B6AE31DC1F59100FC0DA2 /* BDUser.h */,
				2C0B6AE41DC1F59100FC0DA2 /* BDUser.m */,
			);
			name = "Shared Instance";
			sourceTree = "<group>";
		};
		A9B00D5D1DC1DA5E00AF11D7 = {
			isa = PBXGroup;
			children = (
				A9B00D681DC1DA5F00AF11D7 /* Badrjan_Hackaton */,
				A9B00D671DC1DA5F00AF11D7 /* Products */,
			);
			sourceTree = "<group>";
		};
		A9B00D671DC1DA5F00AF11D7 /* Products */ = {
			isa = PBXGroup;
			children = (
				A9B00D661DC1DA5F00AF11D7 /* Badrjan_Hackaton.app */,
			);
			name = Products;
			sourceTree = "<group>";
		};
		A9B00D681DC1DA5F00AF11D7 /* Badrjan_Hackaton */ = {
			isa = PBXGroup;
			children = (
				2C0B6AE21DC1F41500FC0DA2 /* Shared Instance */,
				2C0B6AE61DC2634800FC0DA2 /* MoodPercentages.h */,
				2C0B6AE71DC2634800FC0DA2 /* MoodPercentages.m */,
				A9B00D6C1DC1DA5F00AF11D7 /* AppDelegate.h */,
				A9B00D6D1DC1DA5F00AF11D7 /* AppDelegate.m */,
				A9B00D6F1DC1DA5F00AF11D7 /* ViewController.h */,
				A9B00D701DC1DA5F00AF11D7 /* ViewController.m */,
				A9B00D861DC21F3C00AF11D7 /* BDCollectionViewCell.h */,
				A9B00D871DC21F3C00AF11D7 /* BDCollectionViewCell.m */,
				A9B00D881DC21F3C00AF11D7 /* BDCollectionViewCell.xib */,
				A9B00D831DC2075500AF11D7 /* BDCollectionViewController.h */,
				A9B00D841DC2075500AF11D7 /* BDCollectionViewController.m */,
				A9B00D801DC2051700AF11D7 /* BDMainViewController.h */,
				A9B00D811DC2051700AF11D7 /* BDMainViewController.m */,
				953A62B81DC27E9A009D7CD4 /* BDCameraViewController.h */,
				953A62B91DC27E9A009D7CD4 /* BDCameraViewController.m */,
				953A62BA1DC27E9A009D7CD4 /* BDPhotoAnalyzingManager.h */,
				953A62BB1DC27E9A009D7CD4 /* BDPhotoAnalyzingManager.m */,
				953A62BC1DC27E9A009D7CD4 /* BDYourMoodViewController.h */,
				953A62BD1DC27E9A009D7CD4 /* BDYourMoodViewController.m */,
				9561C9741DC2964B00F91B1A /* BDLoginViewController.h */,
				9561C9751DC2964B00F91B1A /* BDLoginViewController.m */,
				A949F89D1DC2C0FA0073FBBC /* BDLoadViewController.h */,
				A949F89E1DC2C0FA0073FBBC /* BDLoadViewController.m */,
				A9B00D751DC1DA5F00AF11D7 /* Assets.xcassets */,
				A9B00D771DC1DA5F00AF11D7 /* LaunchScreen.storyboard */,
				A949F89A1DC288B30073FBBC /* Main.storyboard */,
				A9B00D7A1DC1DA5F00AF11D7 /* Info.plist */,
				A9B00D691DC1DA5F00AF11D7 /* Supporting Files */,
			);
			path = Badrjan_Hackaton;
			sourceTree = "<group>";
		};
		A9B00D691DC1DA5F00AF11D7 /* Supporting Files */ = {
			isa = PBXGroup;
			children = (
				A9B00D6A1DC1DA5F00AF11D7 /* main.m */,
			);
			name = "Supporting Files";
			sourceTree = "<group>";
		};
/* End PBXGroup section */

/* Begin PBXNativeTarget section */
		A9B00D651DC1DA5F00AF11D7 /* Badrjan_Hackaton */ = {
			isa = PBXNativeTarget;
			buildConfigurationList = A9B00D7D1DC1DA5F00AF11D7 /* Build configuration list for PBXNativeTarget "Badrjan_Hackaton" */;
			buildPhases = (
				A9B00D621DC1DA5F00AF11D7 /* Sources */,
				A9B00D631DC1DA5F00AF11D7 /* Frameworks */,
				A9B00D641DC1DA5F00AF11D7 /* Resources */,
			);
			buildRules = (
			);
			dependencies = (
			);
			name = Badrjan_Hackaton;
			productName = Badrjan_Hackaton;
			productReference = A9B00D661DC1DA5F00AF11D7 /* Badrjan_Hackaton.app */;
			productType = "com.apple.product-type.application";
		};
/* End PBXNativeTarget section */

/* Begin PBXProject section */
		A9B00D5E1DC1DA5E00AF11D7 /* Project object */ = {
			isa = PBXProject;
			attributes = {
				LastUpgradeCheck = 0800;
				ORGANIZATIONNAME = Badrjan;
				TargetAttributes = {
					A9B00D651DC1DA5F00AF11D7 = {
						CreatedOnToolsVersion = 8.0;
						DevelopmentTeam = LLSV39R9YJ;
						ProvisioningStyle = Automatic;
					};
				};
			};
			buildConfigurationList = A9B00D611DC1DA5E00AF11D7 /* Build configuration list for PBXProject "Badrjan_Hackaton" */;
			compatibilityVersion = "Xcode 3.2";
			developmentRegion = English;
			hasScannedForEncodings = 0;
			knownRegions = (
				en,
				Base,
			);
			mainGroup = A9B00D5D1DC1DA5E00AF11D7;
			productRefGroup = A9B00D671DC1DA5F00AF11D7 /* Products */;
			projectDirPath = "";
			projectRoot = "";
			targets = (
				A9B00D651DC1DA5F00AF11D7 /* Badrjan_Hackaton */,
			);
		};
/* End PBXProject section */

/* Begin PBXResourcesBuildPhase section */
		A9B00D641DC1DA5F00AF11D7 /* Resources */ = {
			isa = PBXResourcesBuildPhase;
			buildActionMask = 2147483647;
			files = (
				A9B00D791DC1DA5F00AF11D7 /* LaunchScreen.storyboard in Resources */,
				A9B00D761DC1DA5F00AF11D7 /* Assets.xcassets in Resources */,
				A9B00D8A1DC21F3C00AF11D7 /* BDCollectionViewCell.xib in Resources */,
				A949F89C1DC288B30073FBBC /* Main.storyboard in Resources */,
			);
			runOnlyForDeploymentPostprocessing = 0;
		};
/* End PBXResourcesBuildPhase section */

/* Begin PBXSourcesBuildPhase section */
		A9B00D621DC1DA5F00AF11D7 /* Sources */ = {
			isa = PBXSourcesBuildPhase;
			buildActionMask = 2147483647;
			files = (
				2C0B6AE51DC1F59100FC0DA2 /* BDUser.m in Sources */,
				A9B00D711DC1DA5F00AF11D7 /* ViewController.m in Sources */,
				A9B00D891DC21F3C00AF11D7 /* BDCollectionViewCell.m in Sources */,
				A9B00D6E1DC1DA5F00AF11D7 /* AppDelegate.m in Sources */,
				953A62BF1DC27E9A009D7CD4 /* BDPhotoAnalyzingManager.m in Sources */,
				2C0B6AE81DC2634800FC0DA2 /* MoodPercentages.m in Sources */,
				953A62BE1DC27E9A009D7CD4 /* BDCameraViewController.m in Sources */,
				A949F89F1DC2C0FA0073FBBC /* BDLoadViewController.m in Sources */,
				A9B00D6B1DC1DA5F00AF11D7 /* main.m in Sources */,
				9561C9761DC2964B00F91B1A /* BDLoginViewController.m in Sources */,
				A9B00D851DC2075500AF11D7 /* BDCollectionViewController.m in Sources */,
				953A62C01DC27E9A009D7CD4 /* BDYourMoodViewController.m in Sources */,
				A9B00D821DC2051700AF11D7 /* BDMainViewController.m in Sources */,
			);
			runOnlyForDeploymentPostprocessing = 0;
		};
/* End PBXSourcesBuildPhase section */

/* Begin PBXVariantGroup section */
		A949F89A1DC288B30073FBBC /* Main.storyboard */ = {
			isa = PBXVariantGroup;
			children = (
				A949F89B1DC288B30073FBBC /* Base */,
			);
			name = Main.storyboard;
			sourceTree = "<group>";
		};
		A9B00D771DC1DA5F00AF11D7 /* LaunchScreen.storyboard */ = {
			isa = PBXVariantGroup;
			children = (
				A9B00D781DC1DA5F00AF11D7 /* Base */,
			);
			name = LaunchScreen.storyboard;
			sourceTree = "<group>";
		};
/* End PBXVariantGroup section */

/* Begin XCBuildConfiguration section */
		A9B00D7B1DC1DA5F00AF11D7 /* Debug */ = {
			isa = XCBuildConfiguration;
			buildSettings = {
				ALWAYS_SEARCH_USER_PATHS = NO;
				CLANG_ANALYZER_NONNULL = YES;
				CLANG_CXX_LANGUAGE_STANDARD = "gnu++0x";
				CLANG_CXX_LIBRARY = "libc++";
				CLANG_ENABLE_MODULES = YES;
				CLANG_ENABLE_OBJC_ARC = YES;
				CLANG_WARN_BOOL_CONVERSION = YES;
				CLANG_WARN_CONSTANT_CONVERSION = YES;
				CLANG_WARN_DIRECT_OBJC_ISA_USAGE = YES_ERROR;
				CLANG_WARN_DOCUMENTATION_COMMENTS = YES;
				CLANG_WARN_EMPTY_BODY = YES;
				CLANG_WARN_ENUM_CONVERSION = YES;
				CLANG_WARN_INFINITE_RECURSION = YES;
				CLANG_WARN_INT_CONVERSION = YES;
				CLANG_WARN_OBJC_ROOT_CLASS = YES_ERROR;
				CLANG_WARN_SUSPICIOUS_MOVES = YES;
				CLANG_WARN_UNREACHABLE_CODE = YES;
				CLANG_WARN__DUPLICATE_METHOD_MATCH = YES;
				"CODE_SIGN_IDENTITY[sdk=iphoneos*]" = "iPhone Developer";
				COPY_PHASE_STRIP = NO;
				DEBUG_INFORMATION_FORMAT = dwarf;
				ENABLE_STRICT_OBJC_MSGSEND = YES;
				ENABLE_TESTABILITY = YES;
				GCC_C_LANGUAGE_STANDARD = gnu99;
				GCC_DYNAMIC_NO_PIC = NO;
				GCC_NO_COMMON_BLOCKS = YES;
				GCC_OPTIMIZATION_LEVEL = 0;
				GCC_PREPROCESSOR_DEFINITIONS = (
					"DEBUG=1",
					"$(inherited)",
				);
				GCC_WARN_64_TO_32_BIT_CONVERSION = YES;
				GCC_WARN_ABOUT_RETURN_TYPE = YES_ERROR;
				GCC_WARN_UNDECLARED_SELECTOR = YES;
				GCC_WARN_UNINITIALIZED_AUTOS = YES_AGGRESSIVE;
				GCC_WARN_UNUSED_FUNCTION = YES;
				GCC_WARN_UNUSED_VARIABLE = YES;
				IPHONEOS_DEPLOYMENT_TARGET = 10.0;
				MTL_ENABLE_DEBUG_INFO = YES;
				ONLY_ACTIVE_ARCH = YES;
				SDKROOT = iphoneos;
				TARGETED_DEVICE_FAMILY = "1,2";
			};
			name = Debug;
		};
		A9B00D7C1DC1DA5F00AF11D7 /* Release */ = {
			isa = XCBuildConfiguration;
			buildSettings = {
				ALWAYS_SEARCH_USER_PATHS = NO;
				CLANG_ANALYZER_NONNULL = YES;
				CLANG_CXX_LANGUAGE_STANDARD = "gnu++0x";
				CLANG_CXX_LIBRARY = "libc++";
				CLANG_ENABLE_MODULES = YES;
				CLANG_ENABLE_OBJC_ARC = YES;
				CLANG_WARN_BOOL_CONVERSION = YES;
				CLANG_WARN_CONSTANT_CONVERSION = YES;
				CLANG_WARN_DIRECT_OBJC_ISA_USAGE = YES_ERROR;
				CLANG_WARN_DOCUMENTATION_COMMENTS = YES;
				CLANG_WARN_EMPTY_BODY = YES;
				CLANG_WARN_ENUM_CONVERSION = YES;
				CLANG_WARN_INFINITE_RECURSION = YES;
				CLANG_WARN_INT_CONVERSION = YES;
				CLANG_WARN_OBJC_ROOT_CLASS = YES_ERROR;
				CLANG_WARN_SUSPICIOUS_MOVES = YES;
				CLANG_WARN_UNREACHABLE_CODE = YES;
				CLANG_WARN__DUPLICATE_METHOD_MATCH = YES;
				"CODE_SIGN_IDENTITY[sdk=iphoneos*]" = "iPhone Developer";
				COPY_PHASE_STRIP = NO;
				DEBUG_INFORMATION_FORMAT = "dwarf-with-dsym";
				ENABLE_NS_ASSERTIONS = NO;
				ENABLE_STRICT_OBJC_MSGSEND = YES;
				GCC_C_LANGUAGE_STANDARD = gnu99;
				GCC_NO_COMMON_BLOCKS = YES;
				GCC_WARN_64_TO_32_BIT_CONVERSION = YES;
				GCC_WARN_ABOUT_RETURN_TYPE = YES_ERROR;
				GCC_WARN_UNDECLARED_SELECTOR = YES;
				GCC_WARN_UNINITIALIZED_AUTOS = YES_AGGRESSIVE;
				GCC_WARN_UNUSED_FUNCTION = YES;
				GCC_WARN_UNUSED_VARIABLE = YES;
				IPHONEOS_DEPLOYMENT_TARGET = 10.0;
				MTL_ENABLE_DEBUG_INFO = NO;
				SDKROOT = iphoneos;
				TARGETED_DEVICE_FAMILY = "1,2";
				VALIDATE_PRODUCT = YES;
			};
			name = Release;
		};
		A9B00D7E1DC1DA5F00AF11D7 /* Debug */ = {
			isa = XCBuildConfiguration;
			buildSettings = {
				ASSETCATALOG_COMPILER_APPICON_NAME = AppIcon;
				DEVELOPMENT_TEAM = LLSV39R9YJ;
				INFOPLIST_FILE = Badrjan_Hackaton/Info.plist;
				IPHONEOS_DEPLOYMENT_TARGET = 9.0;
				LD_RUNPATH_SEARCH_PATHS = "$(inherited) @executable_path/Frameworks";
				PRODUCT_BUNDLE_IDENTIFIER = "PicsArt.Badrjan-Hackaton";
				PRODUCT_NAME = "$(TARGET_NAME)";
			};
			name = Debug;
		};
		A9B00D7F1DC1DA5F00AF11D7 /* Release */ = {
			isa = XCBuildConfiguration;
			buildSettings = {
				ASSETCATALOG_COMPILER_APPICON_NAME = AppIcon;
				DEVELOPMENT_TEAM = LLSV39R9YJ;
				INFOPLIST_FILE = Badrjan_Hackaton/Info.plist;
				IPHONEOS_DEPLOYMENT_TARGET = 9.0;
				LD_RUNPATH_SEARCH_PATHS = "$(inherited) @executable_path/Frameworks";
				PRODUCT_BUNDLE_IDENTIFIER = "PicsArt.Badrjan-Hackaton";
				PRODUCT_NAME = "$(TARGET_NAME)";
			};
			name = Release;
		};
/* End XCBuildConfiguration section */

/* Begin XCConfigurationList section */
		A9B00D611DC1DA5E00AF11D7 /* Build configuration list for PBXProject "Badrjan_Hackaton" */ = {
			isa = XCConfigurationList;
			buildConfigurations = (
				A9B00D7B1DC1DA5F00AF11D7 /* Debug */,
				A9B00D7C1DC1DA5F00AF11D7 /* Release */,
			);
			defaultConfigurationIsVisible = 0;
			defaultConfigurationName = Release;
		};
		A9B00D7D1DC1DA5F00AF11D7 /* Build configuration list for PBXNativeTarget "Badrjan_Hackaton" */ = {
			isa = XCConfigurationList;
			buildConfigurations = (
				A9B00D7E1DC1DA5F00AF11D7 /* Debug */,
				A9B00D7F1DC1DA5F00AF11D7 /* Release */,
			);
			defaultConfigurationIsVisible = 0;
			defaultConfigurationName = Release;
		};
/* End XCConfigurationList section */
	};
	rootObject = A9B00D5E1DC1DA5E00AF11D7 /* Project object */;
}
